
Microsoft Visual Studio Solution File, Format Version 12.00
# Visual Studio 15
VisualStudioVersion = 15.0.27428.1
MinimumVisualStudioVersion = 10.0.40219.1
Project("{FAE04EC0-301F-11D3-BF4B-00C04F79EFBC}") = "CopiasDb", "CopiasDb\CopiasDb.csproj", "{61B4BB65-F8A4-4470-96DF-B8E5B3362EC6}"
EndProject
Global
	GlobalSection(SolutionConfigurationPlatforms) = preSolution
		Debug|Any CPU = Debug|Any CPU
		Release|Any CPU = Release|Any CPU
	EndGlobalSection
	GlobalSection(ProjectConfigurationPlatforms) = postSolution
		{61B4BB65-F8A4-4470-96DF-B8E5B3362EC6}.Debug|Any CPU.ActiveCfg = Debug|Any CPU
		{61B4BB65-F8A4-4470-96DF-B8E5B3362EC6}.Debug|Any CPU.Build.0 = Debug|Any CPU
		{61B4BB65-F8A4-4470-96DF-B8E5B3362EC6}.Release|Any CPU.ActiveCfg = Release|Any CPU
		{61B4BB65-F8A4-4470-96DF-B8E5B3362EC6}.Release|Any CPU.Build.0 = Release|Any CPU
	EndGlobalSection
	GlobalSection(SolutionProperties) = preSolution
		HideSolutionNode = FALSE
	EndGlobalSection
	GlobalSection(ExtensibilityGlobals) = postSolution
		SolutionGuid = {F426D2D2-93DA-4E53-A0FB-B4B0A9164E8A}
	EndGlobalSection
EndGlobal
